
Microsoft Visual Studio Solution File, Format Version 12.00
# Visual Studio Version 17
VisualStudioVersion = 17.9.34622.214
MinimumVisualStudioVersion = 10.0.40219.1
Project("{FAE04EC0-301F-11D3-BF4B-00C04F79EFBC}") = "MyCalculator", "MyCalculator\MyCalculator.csproj", "{8145DF42-4A05-4C66-8FBD-E524F6C694E1}"
EndProject
Global
	GlobalSection(SolutionConfigurationPlatforms) = preSolution
		Debug|Any CPU = Debug|Any CPU
		Release|Any CPU = Release|Any CPU
	EndGlobalSection
	GlobalSection(ProjectConfigurationPlatforms) = postSolution
		{8145DF42-4A05-4C66-8FBD-E524F6C694E1}.Debug|Any CPU.ActiveCfg = Debug|Any CPU
		{8145DF42-4A05-4C66-8FBD-E524F6C694E1}.Debug|Any CPU.Build.0 = Debug|Any CPU
		{8145DF42-4A05-4C66-8FBD-E524F6C694E1}.Release|Any CPU.ActiveCfg = Release|Any CPU
		{8145DF42-4A05-4C66-8FBD-E524F6C694E1}.Release|Any CPU.Build.0 = Release|Any CPU
	EndGlobalSection
	GlobalSection(SolutionProperties) = preSolution
		HideSolutionNode = FALSE
	EndGlobalSection
	GlobalSection(ExtensibilityGlobals) = postSolution
		SolutionGuid = {7BAD33BC-732E-40F7-A180-8E26EC22BF53}
	EndGlobalSection
EndGlobal
